
Microsoft Visual Studio Solution File, Format Version 12.00
# Visual Studio Version 17
VisualStudioVersion = 17.14.36119.2
MinimumVisualStudioVersion = 10.0.40219.1
Project("{FAE04EC0-301F-11D3-BF4B-00C04F79EFBC}") = "Domain", "Domain\Domain.csproj", "{81A93923-D439-420F-996F-D2CB59708225}"
EndProject
Project("{FAE04EC0-301F-11D3-BF4B-00C04F79EFBC}") = "Application", "Application\Application.csproj", "{3B716397-0B05-40CB-AB75-7A096E2B1034}"
EndProject
Project("{FAE04EC0-301F-11D3-BF4B-00C04F79EFBC}") = "Infrastructure", "Infrastructure\Infrastructure.csproj", "{E98166DD-483E-4D83-9EAD-45AE6897AE48}"
EndProject
Project("{FAE04EC0-301F-11D3-BF4B-00C04F79EFBC}") = "Host", "Host\Host.csproj", "{81B33F15-76ED-4C90-87EE-8B1A3562646A}"
EndProject
Project("{FAE04EC0-301F-11D3-BF4B-00C04F79EFBC}") = "Application.Tests", "Application.Tests\Application.Tests.csproj", "{DF5B74DE-958B-4EC7-9DD0-C9C91201A6E5}"
EndProject
Project("{FAE04EC0-301F-11D3-BF4B-00C04F79EFBC}") = "ApiHost", "ApiHost\ApiHost.csproj", "{88E97B7F-FD32-4EE9-9195-587834CD5868}"
EndProject
Project("{FAE04EC0-301F-11D3-BF4B-00C04F79EFBC}") = "Shared", "Shared\Shared.csproj", "{E9BFE390-A263-471C-AAF1-AB3790BA08B3}"
EndProject
Global
	GlobalSection(SolutionConfigurationPlatforms) = preSolution
		Debug|Any CPU = Debug|Any CPU
		Release|Any CPU = Release|Any CPU
	EndGlobalSection
	GlobalSection(ProjectConfigurationPlatforms) = postSolution
		{81A93923-D439-420F-996F-D2CB59708225}.Debug|Any CPU.ActiveCfg = Debug|Any CPU
		{81A93923-D439-420F-996F-D2CB59708225}.Debug|Any CPU.Build.0 = Debug|Any CPU
		{81A93923-D439-420F-996F-D2CB59708225}.Release|Any CPU.ActiveCfg = Release|Any CPU
		{81A93923-D439-420F-996F-D2CB59708225}.Release|Any CPU.Build.0 = Release|Any CPU
		{3B716397-0B05-40CB-AB75-7A096E2B1034}.Debug|Any CPU.ActiveCfg = Debug|Any CPU
		{3B716397-0B05-40CB-AB75-7A096E2B1034}.Debug|Any CPU.Build.0 = Debug|Any CPU
		{3B716397-0B05-40CB-AB75-7A096E2B1034}.Release|Any CPU.ActiveCfg = Release|Any CPU
		{3B716397-0B05-40CB-AB75-7A096E2B1034}.Release|Any CPU.Build.0 = Release|Any CPU
		{E98166DD-483E-4D83-9EAD-45AE6897AE48}.Debug|Any CPU.ActiveCfg = Debug|Any CPU
		{E98166DD-483E-4D83-9EAD-45AE6897AE48}.Debug|Any CPU.Build.0 = Debug|Any CPU
		{E98166DD-483E-4D83-9EAD-45AE6897AE48}.Release|Any CPU.ActiveCfg = Release|Any CPU
		{E98166DD-483E-4D83-9EAD-45AE6897AE48}.Release|Any CPU.Build.0 = Release|Any CPU
		{81B33F15-76ED-4C90-87EE-8B1A3562646A}.Debug|Any CPU.ActiveCfg = Debug|Any CPU
		{81B33F15-76ED-4C90-87EE-8B1A3562646A}.Debug|Any CPU.Build.0 = Debug|Any CPU
		{81B33F15-76ED-4C90-87EE-8B1A3562646A}.Release|Any CPU.ActiveCfg = Release|Any CPU
		{81B33F15-76ED-4C90-87EE-8B1A3562646A}.Release|Any CPU.Build.0 = Release|Any CPU
		{DF5B74DE-958B-4EC7-9DD0-C9C91201A6E5}.Debug|Any CPU.ActiveCfg = Debug|Any CPU
		{DF5B74DE-958B-4EC7-9DD0-C9C91201A6E5}.Debug|Any CPU.Build.0 = Debug|Any CPU
		{DF5B74DE-958B-4EC7-9DD0-C9C91201A6E5}.Release|Any CPU.ActiveCfg = Release|Any CPU
		{DF5B74DE-958B-4EC7-9DD0-C9C91201A6E5}.Release|Any CPU.Build.0 = Release|Any CPU
		{88E97B7F-FD32-4EE9-9195-587834CD5868}.Debug|Any CPU.ActiveCfg = Debug|Any CPU
		{88E97B7F-FD32-4EE9-9195-587834CD5868}.Debug|Any CPU.Build.0 = Debug|Any CPU
		{88E97B7F-FD32-4EE9-9195-587834CD5868}.Release|Any CPU.ActiveCfg = Release|Any CPU
		{88E97B7F-FD32-4EE9-9195-587834CD5868}.Release|Any CPU.Build.0 = Release|Any CPU
		{E9BFE390-A263-471C-AAF1-AB3790BA08B3}.Debug|Any CPU.ActiveCfg = Debug|Any CPU
		{E9BFE390-A263-471C-AAF1-AB3790BA08B3}.Debug|Any CPU.Build.0 = Debug|Any CPU
		{E9BFE390-A263-471C-AAF1-AB3790BA08B3}.Release|Any CPU.ActiveCfg = Release|Any CPU
		{E9BFE390-A263-471C-AAF1-AB3790BA08B3}.Release|Any CPU.Build.0 = Release|Any CPU
	EndGlobalSection
	GlobalSection(SolutionProperties) = preSolution
		HideSolutionNode = FALSE
	EndGlobalSection
	GlobalSection(ExtensibilityGlobals) = postSolution
		SolutionGuid = {114C2DE7-0E5A-4FBE-AF6C-812DAC0B6F01}
	EndGlobalSection
EndGlobal
